
Microsoft Visual Studio Solution File, Format Version 12.00
# Visual Studio Version 16
VisualStudioVersion = 16.0.31105.61
MinimumVisualStudioVersion = 10.0.40219.1
Project("{FAE04EC0-301F-11D3-BF4B-00C04F79EFBC}") = "TMS.Client", "TMS.Client\TMS.Client.csproj", "{DC719D6C-45D8-444C-85ED-7EB04503E15A}"
EndProject
Global
	GlobalSection(SolutionConfigurationPlatforms) = preSolution
		Debug|Any CPU = Debug|Any CPU
		Release|Any CPU = Release|Any CPU
	EndGlobalSection
	GlobalSection(ProjectConfigurationPlatforms) = postSolution
		{DC719D6C-45D8-444C-85ED-7EB04503E15A}.Debug|Any CPU.ActiveCfg = Debug|Any CPU
		{DC719D6C-45D8-444C-85ED-7EB04503E15A}.Debug|Any CPU.Build.0 = Debug|Any CPU
		{DC719D6C-45D8-444C-85ED-7EB04503E15A}.Release|Any CPU.ActiveCfg = Release|Any CPU
		{DC719D6C-45D8-444C-85ED-7EB04503E15A}.Release|Any CPU.Build.0 = Release|Any CPU
	EndGlobalSection
	GlobalSection(SolutionProperties) = preSolution
		HideSolutionNode = FALSE
	EndGlobalSection
	GlobalSection(ExtensibilityGlobals) = postSolution
		SolutionGuid = {BD6C20BF-7B77-4263-9098-79D200DA91C2}
	EndGlobalSection
EndGlobal
